// !$*UTF8*$!
{
	archiveVersion = 1;
	classes = {
	};
	objectVersion = 46;
	objects = {

/* Begin PBXBuildFile section */
		C18E43AF1CCD74B600DD3255 /* AppDelegate.swift in Sources */ = {isa = PBXBuildFile; fileRef = C18E43AE1CCD74B600DD3255 /* AppDelegate.swift */; };
		C18E43B11CCD74B600DD3255 /* ViewController.swift in Sources */ = {isa = PBXBuildFile; fileRef = C18E43B01CCD74B600DD3255 /* ViewController.swift */; };
		C18E43B41CCD74B600DD3255 /* Main.storyboard in Resources */ = {isa = PBXBuildFile; fileRef = C18E43B21CCD74B600DD3255 /* Main.storyboard */; };
		C18E43B61CCD74B600DD3255 /* Assets.xcassets in Resources */ = {isa = PBXBuildFile; fileRef = C18E43B51CCD74B600DD3255 /* Assets.xcassets */; };
		C18E43B91CCD74B600DD3255 /* LaunchScreen.storyboard in Resources */ = {isa = PBXBuildFile; fileRef = C18E43B71CCD74B600DD3255 /* LaunchScreen.storyboard */; };
/* End PBXBuildFile section */

/* Begin PBXFileReference section */
		C18E43AB1CCD74B600DD3255 /* geittest.app */ = {isa = PBXFileReference; explicitFileType = wrapper.application; includeInIndex = 0; path = geittest.app; sourceTree = BUILT_PRODUCTS_DIR; };
		C18E43AE1CCD74B600DD3255 /* AppDelegate.swift */ = {isa = PBXFileReference; lastKnownFileType = sourcecode.swift; path = AppDelegate.swift; sourceTree = "<group>"; };
		C18E43B01CCD74B600DD3255 /* ViewController.swift */ = {isa = PBXFileReference; lastKnownFileType = sourcecode.swift; path = ViewController.swift; sourceTree = "<group>"; };
		C18E43B31CCD74B600DD3255 /* Base */ = {isa = PBXFileReference; lastKnownFileType = file.storyboard; name = Base; path = Base.lproj/Main.storyboard; sourceTree = "<group>"; };
		C18E43B51CCD74B600DD3255 /* Assets.xcassets */ = {isa = PBXFileReference; lastKnownFileType = folder.assetcatalog; path = Assets.xcassets; sourceTree = "<group>"; };
		C18E43B81CCD74B600DD3255 /* Base */ = {isa = PBXFileReference; lastKnownFileType = file.storyboard; name = Base; path = Base.lproj/LaunchScreen.storyboard; sourceTree = "<group>"; };
		C18E43BA1CCD74B600DD3255 /* Info.plist */ = {isa = PBXFileReference; lastKnownFileType = text.plist.xml; path = Info.plist; sourceTree = "<group>"; };
/* End PBXFileReference section */

/* Begin PBXFrameworksBuildPhase section */
		C18E43A81CCD74B600DD3255 /* Frameworks */ = {
			isa = PBXFrameworksBuildPhase;
			buildActionMask = 2147483647;
			files = (
			);
			runOnlyForDeploymentPostprocessing = 0;
		};
/* End PBXFrameworksBuildPhase section */

/* Begin PBXGroup section */
		C18E43A21CCD74B600DD3255 = {
			isa = PBXGroup;
			children = (
				C18E43AD1CCD74B600DD3255 /* geittest */,
				C18E43AC1CCD74B600DD3255 /* Products */,
			);
			sourceTree = "<group>";
		};
		C18E43AC1CCD74B600DD3255 /* Products */ = {
			isa = PBXGroup;
			children = (
				C18E43AB1CCD74B600DD3255 /* geittest.app */,
			);
			name = Products;
			sourceTree = "<group>";
		};
		C18E43AD1CCD74B600DD3255 /* geittest */ = {
			isa = PBXGroup;
			children = (
				C18E43AE1CCD74B600DD3255 /* AppDelegate.swift */,
				C18E43B01CCD74B600DD3255 /* ViewController.swift */,
				C18E43B21CCD74B600DD3255 /* Main.storyboard */,
				C18E43B51CCD74B600DD3255 /* Assets.xcassets */,
				C18E43B71CCD74B600DD3255 /* LaunchScreen.storyboard */,
				C18E43BA1CCD74B600DD3255 /* Info.plist */,
			);
			path = geittest;
			sourceTree = "<group>";
		};
/* End PBXGroup section */

/* Begin PBXNativeTarget section */
		C18E43AA1CCD74B600DD3255 /* geittest */ = {
			isa = PBXNativeTarget;
			buildConfigurationList = C18E43BD1CCD74B600DD3255 /* Build configuration list for PBXNativeTarget "geittest" */;
			buildPhases = (
				C18E43A71CCD74B600DD3255 /* Sources */,
				C18E43A81CCD74B600DD3255 /* Frameworks */,
				C18E43A91CCD74B600DD3255 /* Resources */,
			);
			buildRules = (
			);
			dependencies = (
			);
			name = geittest;
			productName = geittest;
			productReference = C18E43AB1CCD74B600DD3255 /* geittest.app */;
			productType = "com.apple.product-type.application";
		};
/* End PBXNativeTarget section */

/* Begin PBXProject section */
		C18E43A31CCD74B600DD3255 /* Project object */ = {
			isa = PBXProject;
			attributes = {
				LastSwiftUpdateCheck = 0730;
				LastUpgradeCheck = 0730;
				ORGANIZATIONNAME = "Tayseer Edouni";
				TargetAttributes = {
					C18E43AA1CCD74B600DD3255 = {
						CreatedOnToolsVersion = 7.3;
					};
				};
			};
			buildConfigurationList = C18E43A61CCD74B600DD3255 /* Build configuration list for PBXProject "geittest" */;
			compatibilityVersion = "Xcode 3.2";
			developmentRegion = English;
			hasScannedForEncodings = 0;
			knownRegions = (
				en,
				Base,
			);
			mainGroup = C18E43A21CCD74B600DD3255;
			productRefGroup = C18E43AC1CCD74B600DD3255 /* Products */;
			projectDirPath = "";
			projectRoot = "";
			targets = (
				C18E43AA1CCD74B600DD3255 /* geittest */,
			);
		};
/* End PBXProject section */

/* Begin PBXResourcesBuildPhase section */
		C18E43A91CCD74B600DD3255 /* Resources */ = {
			isa = PBXResourcesBuildPhase;
			buildActionMask = 2147483647;
			files = (
				C18E43B91CCD74B600DD3255 /* LaunchScreen.storyboard in Resources */,
				C18E43B61CCD74B600DD3255 /* Assets.xcassets in Resources */,
				C18E43B41CCD74B600DD3255 /* Main.storyboard in Resources */,
			);
			runOnlyForDeploymentPostprocessing = 0;
		};
/* End PBXResourcesBuildPhase section */

/* Begin PBXSourcesBuildPhase section */
		C18E43A71CCD74B600DD3255 /* Sources */ = {
			isa = PBXSourcesBuildPhase;
			buildActionMask = 2147483647;
			files = (
				C18E43B11CCD74B600DD3255 /* ViewController.swift in Sources */,
				C18E43AF1CCD74B600DD3255 /* AppDelegate.swift in Sources */,
			);
			runOnlyForDeploymentPostprocessing = 0;
		};
/* End PBXSourcesBuildPhase section */

/* Begin PBXVariantGroup section */
		C18E43B21CCD74B600DD3255 /* Main.storyboard */ = {
			isa = PBXVariantGroup;
			children = (
				C18E43B31CCD74B600DD3255 /* Base */,
			);
			name = Main.storyboard;
			sourceTree = "<group>";
		};
		C18E43B71CCD74B600DD3255 /* LaunchScreen.storyboard */ = {
			isa = PBXVariantGroup;
			children = (
				C18E43B81CCD74B600DD3255 /* Base */,
			);
			name = LaunchScreen.storyboard;
			sourceTree = "<group>";
		};
/* End PBXVariantGroup section */

/* Begin XCBuildConfiguration section */
		C18E43BB1CCD74B600DD3255 /* Debug */ = {
			isa = XCBuildConfiguration;
			buildSettings = {
				ALWAYS_SEARCH_USER_PATHS = NO;
				CLANG_ANALYZER_NONNULL = YES;
				CLANG_CXX_LANGUAGE_STANDARD = "gnu++0x";
				CLANG_CXX_LIBRARY = "libc++";
				CLANG_ENABLE_MODULES = YES;
				CLANG_ENABLE_OBJC_ARC = YES;
				CLANG_WARN_BOOL_CONVERSION = YES;
				CLANG_WARN_CONSTANT_CONVERSION = YES;
				CLANG_WARN_DIRECT_OBJC_ISA_USAGE = YES_ERROR;
				CLANG_WARN_EMPTY_BODY = YES;
				CLANG_WARN_ENUM_CONVERSION = YES;
				CLANG_WARN_INT_CONVERSION = YES;
				CLANG_WARN_OBJC_ROOT_CLASS = YES_ERROR;
				CLANG_WARN_UNREACHABLE_CODE = YES;
				CLANG_WARN__DUPLICATE_METHOD_MATCH = YES;
				"CODE_SIGN_IDENTITY[sdk=iphoneos*]" = "iPhone Developer";
				COPY_PHASE_STRIP = NO;
				DEBUG_INFORMATION_FORMAT = dwarf;
				ENABLE_STRICT_OBJC_MSGSEND = YES;
				ENABLE_TESTABILITY = YES;
				GCC_C_LANGUAGE_STANDARD = gnu99;
				GCC_DYNAMIC_NO_PIC = NO;
				GCC_NO_COMMON_BLOCKS = YES;
				GCC_OPTIMIZATION_LEVEL = 0;
				GCC_PREPROCESSOR_DEFINITIONS = (
					"DEBUG=1",
					"$(inherited)",
				);
				GCC_WARN_64_TO_32_BIT_CONVERSION = YES;
				GCC_WARN_ABOUT_RETURN_TYPE = YES_ERROR;
				GCC_WARN_UNDECLARED_SELECTOR = YES;
				GCC_WARN_UNINITIALIZED_AUTOS = YES_AGGRESSIVE;
				GCC_WARN_UNUSED_FUNCTION = YES;
				GCC_WARN_UNUSED_VARIABLE = YES;
				IPHONEOS_DEPLOYMENT_TARGET = 9.3;
				MTL_ENABLE_DEBUG_INFO = YES;
				ONLY_ACTIVE_ARCH = YES;
				SDKROOT = iphoneos;
				SWIFT_OPTIMIZATION_LEVEL = "-Onone";
			};
			name = Debug;
		};
		C18E43BC1CCD74B600DD3255 /* Release */ = {
			isa = XCBuildConfiguration;
			buildSettings = {
				ALWAYS_SEARCH_USER_PATHS = NO;
				CLANG_ANALYZER_NONNULL = YES;
				CLANG_CXX_LANGUAGE_STANDARD = "gnu++0x";
				CLANG_CXX_LIBRARY = "libc++";
				CLANG_ENABLE_MODULES = YES;
				CLANG_ENABLE_OBJC_ARC = YES;
				CLANG_WARN_BOOL_CONVERSION = YES;
				CLANG_WARN_CONSTANT_CONVERSION = YES;
				CLANG_WARN_DIRECT_OBJC_ISA_USAGE = YES_ERROR;
				CLANG_WARN_EMPTY_BODY = YES;
				CLANG_WARN_ENUM_CONVERSION = YES;
				CLANG_WARN_INT_CONVERSION = YES;
				CLANG_WARN_OBJC_ROOT_CLASS = YES_ERROR;
				CLANG_WARN_UNREACHABLE_CODE = YES;
				CLANG_WARN__DUPLICATE_METHOD_MATCH = YES;
				"CODE_SIGN_IDENTITY[sdk=iphoneos*]" = "iPhone Developer";
				COPY_PHASE_STRIP = NO;
				DEBUG_INFORMATION_FORMAT = "dwarf-with-dsym";
				ENABLE_NS_ASSERTIONS = NO;
				ENABLE_STRICT_OBJC_MSGSEND = YES;
				GCC_C_LANGUAGE_STANDARD = gnu99;
				GCC_NO_COMMON_BLOCKS = YES;
				GCC_WARN_64_TO_32_BIT_CONVERSION = YES;
				GCC_WARN_ABOUT_RETURN_TYPE = YES_ERROR;
				GCC_WARN_UNDECLARED_SELECTOR = YES;
				GCC_WARN_UNINITIALIZED_AUTOS = YES_AGGRESSIVE;
				GCC_WARN_UNUSED_FUNCTION = YES;
				GCC_WARN_UNUSED_VARIABLE = YES;
				IPHONEOS_DEPLOYMENT_TARGET = 9.3;
				MTL_ENABLE_DEBUG_INFO = NO;
				SDKROOT = iphoneos;
				VALIDATE_PRODUCT = YES;
			};
			name = Release;
		};
		C18E43BE1CCD74B600DD3255 /* Debug */ = {
			isa = XCBuildConfiguration;
			buildSettings = {
				ASSETCATALOG_COMPILER_APPICON_NAME = AppIcon;
				INFOPLIST_FILE = geittest/Info.plist;
				LD_RUNPATH_SEARCH_PATHS = "$(inherited) @executable_path/Frameworks";
				PRODUCT_BUNDLE_IDENTIFIER = com.tayseeredouni.geittest;
				PRODUCT_NAME = "$(TARGET_NAME)";
			};
			name = Debug;
		};
		C18E43BF1CCD74B600DD3255 /* Release */ = {
			isa = XCBuildConfiguration;
			buildSettings = {
				ASSETCATALOG_COMPILER_APPICON_NAME = AppIcon;
				INFOPLIST_FILE = geittest/Info.plist;
				LD_RUNPATH_SEARCH_PATHS = "$(inherited) @executable_path/Frameworks";
				PRODUCT_BUNDLE_IDENTIFIER = com.tayseeredouni.geittest;
				PRODUCT_NAME = "$(TARGET_NAME)";
			};
			name = Release;
		};
/* End XCBuildConfiguration section */

/* Begin XCConfigurationList section */
		C18E43A61CCD74B600DD3255 /* Build configuration list for PBXProject "geittest" */ = {
			isa = XCConfigurationList;
			buildConfigurations = (
				C18E43BB1CCD74B600DD3255 /* Debug */,
				C18E43BC1CCD74B600DD3255 /* Release */,
			);
			defaultConfigurationIsVisible = 0;
			defaultConfigurationName = Release;
		};
		C18E43BD1CCD74B600DD3255 /* Build configuration list for PBXNativeTarget "geittest" */ = {
			isa = XCConfigurationList;
			buildConfigurations = (
				C18E43BE1CCD74B600DD3255 /* Debug */,
				C18E43BF1CCD74B600DD3255 /* Release */,
			);
			defaultConfigurationIsVisible = 0;
		};
/* End XCConfigurationList section */
	};
	rootObject = C18E43A31CCD74B600DD3255 /* Project object */;
}
